// !$*UTF8*$!
{
	archiveVersion = 1;
	classes = {
	};
	objectVersion = 48;
	objects = {

/* Begin PBXBuildFile section */
		09BD63F71F7BAE5500949EBD /* DesignablePicker.h in Headers */ = {isa = PBXBuildFile; fileRef = 09BD63F51F7BAE5500949EBD /* DesignablePicker.h */; settings = {ATTRIBUTES = (Public, ); }; };
		09BD64011F7BB05800949EBD /* pickerArrow.png in Resources */ = {isa = PBXBuildFile; fileRef = 09BD63FF1F7BB04A00949EBD /* pickerArrow.png */; };
		09BD64021F7BB05B00949EBD /* pickerArrow@2x.png in Resources */ = {isa = PBXBuildFile; fileRef = 09BD64001F7BB04A00949EBD /* pickerArrow@2x.png */; };
		09BD64031F7BB05F00949EBD /* pickerArrow@3x.png in Resources */ = {isa = PBXBuildFile; fileRef = 09BD63FE1F7BB04A00949EBD /* pickerArrow@3x.png */; };
		09BD64071F7BB1D300949EBD /* DesignablePicker.swift in Sources */ = {isa = PBXBuildFile; fileRef = 09BD64041F7BB1D200949EBD /* DesignablePicker.swift */; };
		09BD64081F7BB1D300949EBD /* FirstResponderControl.swift in Sources */ = {isa = PBXBuildFile; fileRef = 09BD64061F7BB1D200949EBD /* FirstResponderControl.swift */; };
		09BD64091F7BB1E400949EBD /* DesignablePicker.xib in Resources */ = {isa = PBXBuildFile; fileRef = 09BD64051F7BB1D200949EBD /* DesignablePicker.xib */; };
		09BD640D1F7BB27F00949EBD /* PickerInputViewController.swift in Sources */ = {isa = PBXBuildFile; fileRef = 09BD640B1F7BB27C00949EBD /* PickerInputViewController.swift */; };
		09BD640E1F7BB28400949EBD /* PickerInputViewController.xib in Resources */ = {isa = PBXBuildFile; fileRef = 09BD640C1F7BB27C00949EBD /* PickerInputViewController.xib */; };
		09BD64151F7BB37F00949EBD /* StringExtension.swift in Sources */ = {isa = PBXBuildFile; fileRef = 09BD64131F7BB2EE00949EBD /* StringExtension.swift */; };
		09BD64161F7BB38100949EBD /* UIColorExtension.swift in Sources */ = {isa = PBXBuildFile; fileRef = 09BD64111F7BB2EE00949EBD /* UIColorExtension.swift */; };
		09BD64171F7BB38400949EBD /* UIImageViewExtension.swift in Sources */ = {isa = PBXBuildFile; fileRef = 09BD64121F7BB2EE00949EBD /* UIImageViewExtension.swift */; };
		09BD64181F7BB38700949EBD /* UIViewExtension.swift in Sources */ = {isa = PBXBuildFile; fileRef = 09BD64141F7BB2EE00949EBD /* UIViewExtension.swift */; };
/* End PBXBuildFile section */

/* Begin PBXFileReference section */
		09BD63F21F7BAE5500949EBD /* DesignablePicker.framework */ = {isa = PBXFileReference; explicitFileType = wrapper.framework; includeInIndex = 0; path = DesignablePicker.framework; sourceTree = BUILT_PRODUCTS_DIR; };
		09BD63F51F7BAE5500949EBD /* DesignablePicker.h */ = {isa = PBXFileReference; lastKnownFileType = sourcecode.c.h; path = DesignablePicker.h; sourceTree = "<group>"; };
		09BD63F61F7BAE5500949EBD /* Info.plist */ = {isa = PBXFileReference; lastKnownFileType = text.plist.xml; path = Info.plist; sourceTree = "<group>"; };
		09BD63FE1F7BB04A00949EBD /* pickerArrow@3x.png */ = {isa = PBXFileReference; lastKnownFileType = image.png; path = "pickerArrow@3x.png"; sourceTree = "<group>"; };
		09BD63FF1F7BB04A00949EBD /* pickerArrow.png */ = {isa = PBXFileReference; lastKnownFileType = image.png; path = pickerArrow.png; sourceTree = "<group>"; };
		09BD64001F7BB04A00949EBD /* pickerArrow@2x.png */ = {isa = PBXFileReference; lastKnownFileType = image.png; path = "pickerArrow@2x.png"; sourceTree = "<group>"; };
		09BD64041F7BB1D200949EBD /* DesignablePicker.swift */ = {isa = PBXFileReference; lastKnownFileType = sourcecode.swift; path = DesignablePicker.swift; sourceTree = "<group>"; };
		09BD64051F7BB1D200949EBD /* DesignablePicker.xib */ = {isa = PBXFileReference; lastKnownFileType = file.xib; path = DesignablePicker.xib; sourceTree = "<group>"; };
		09BD64061F7BB1D200949EBD /* FirstResponderControl.swift */ = {isa = PBXFileReference; lastKnownFileType = sourcecode.swift; path = FirstResponderControl.swift; sourceTree = "<group>"; };
		09BD640B1F7BB27C00949EBD /* PickerInputViewController.swift */ = {isa = PBXFileReference; lastKnownFileType = sourcecode.swift; path = PickerInputViewController.swift; sourceTree = "<group>"; };
		09BD640C1F7BB27C00949EBD /* PickerInputViewController.xib */ = {isa = PBXFileReference; lastKnownFileType = file.xib; path = PickerInputViewController.xib; sourceTree = "<group>"; };
		09BD64111F7BB2EE00949EBD /* UIColorExtension.swift */ = {isa = PBXFileReference; lastKnownFileType = sourcecode.swift; path = UIColorExtension.swift; sourceTree = "<group>"; };
		09BD64121F7BB2EE00949EBD /* UIImageViewExtension.swift */ = {isa = PBXFileReference; lastKnownFileType = sourcecode.swift; path = UIImageViewExtension.swift; sourceTree = "<group>"; };
		09BD64131F7BB2EE00949EBD /* StringExtension.swift */ = {isa = PBXFileReference; lastKnownFileType = sourcecode.swift; path = StringExtension.swift; sourceTree = "<group>"; };
		09BD64141F7BB2EE00949EBD /* UIViewExtension.swift */ = {isa = PBXFileReference; lastKnownFileType = sourcecode.swift; path = UIViewExtension.swift; sourceTree = "<group>"; };
/* End PBXFileReference section */

/* Begin PBXFrameworksBuildPhase section */
		09BD63EE1F7BAE5500949EBD /* Frameworks */ = {
			isa = PBXFrameworksBuildPhase;
			buildActionMask = 2147483647;
			files = (
			);
			runOnlyForDeploymentPostprocessing = 0;
		};
/* End PBXFrameworksBuildPhase section */

/* Begin PBXGroup section */
		09BD63E81F7BAE5500949EBD = {
			isa = PBXGroup;
			children = (
				09BD63F41F7BAE5500949EBD /* DesignablePicker */,
				09BD63F31F7BAE5500949EBD /* Products */,
			);
			sourceTree = "<group>";
		};
		09BD63F31F7BAE5500949EBD /* Products */ = {
			isa = PBXGroup;
			children = (
				09BD63F21F7BAE5500949EBD /* DesignablePicker.framework */,
			);
			name = Products;
			sourceTree = "<group>";
		};
		09BD63F41F7BAE5500949EBD /* DesignablePicker */ = {
			isa = PBXGroup;
			children = (
				09BD63F51F7BAE5500949EBD /* DesignablePicker.h */,
				09BD63F61F7BAE5500949EBD /* Info.plist */,
				09BD64041F7BB1D200949EBD /* DesignablePicker.swift */,
				09BD64051F7BB1D200949EBD /* DesignablePicker.xib */,
				09BD64061F7BB1D200949EBD /* FirstResponderControl.swift */,
				09BD640A1F7BB26D00949EBD /* PickerInputViewController */,
				09BD640F1F7BB2CF00949EBD /* Helper */,
				09BD63FD1F7BAFE600949EBD /* Resources */,
			);
			path = DesignablePicker;
			sourceTree = "<group>";
		};
		09BD63FD1F7BAFE600949EBD /* Resources */ = {
			isa = PBXGroup;
			children = (
				09BD63FF1F7BB04A00949EBD /* pickerArrow.png */,
				09BD64001F7BB04A00949EBD /* pickerArrow@2x.png */,
				09BD63FE1F7BB04A00949EBD /* pickerArrow@3x.png */,
			);
			path = Resources;
			sourceTree = "<group>";
		};
		09BD640A1F7BB26D00949EBD /* PickerInputViewController */ = {
			isa = PBXGroup;
			children = (
				09BD640B1F7BB27C00949EBD /* PickerInputViewController.swift */,
				09BD640C1F7BB27C00949EBD /* PickerInputViewController.xib */,
			);
			path = PickerInputViewController;
			sourceTree = "<group>";
		};
		09BD640F1F7BB2CF00949EBD /* Helper */ = {
			isa = PBXGroup;
			children = (
				09BD64101F7BB2CF00949EBD /* Extensions */,
			);
			path = Helper;
			sourceTree = "<group>";
		};
		09BD64101F7BB2CF00949EBD /* Extensions */ = {
			isa = PBXGroup;
			children = (
				09BD64131F7BB2EE00949EBD /* StringExtension.swift */,
				09BD64111F7BB2EE00949EBD /* UIColorExtension.swift */,
				09BD64121F7BB2EE00949EBD /* UIImageViewExtension.swift */,
				09BD64141F7BB2EE00949EBD /* UIViewExtension.swift */,
			);
			path = Extensions;
			sourceTree = "<group>";
		};
/* End PBXGroup section */

/* Begin PBXHeadersBuildPhase section */
		09BD63EF1F7BAE5500949EBD /* Headers */ = {
			isa = PBXHeadersBuildPhase;
			buildActionMask = 2147483647;
			files = (
				09BD63F71F7BAE5500949EBD /* DesignablePicker.h in Headers */,
			);
			runOnlyForDeploymentPostprocessing = 0;
		};
/* End PBXHeadersBuildPhase section */

/* Begin PBXNativeTarget section */
		09BD63F11F7BAE5500949EBD /* DesignablePicker */ = {
			isa = PBXNativeTarget;
			buildConfigurationList = 09BD63FA1F7BAE5500949EBD /* Build configuration list for PBXNativeTarget "DesignablePicker" */;
			buildPhases = (
				09BD63ED1F7BAE5500949EBD /* Sources */,
				09BD63EE1F7BAE5500949EBD /* Frameworks */,
				09BD63EF1F7BAE5500949EBD /* Headers */,
				09BD63F01F7BAE5500949EBD /* Resources */,
			);
			buildRules = (
			);
			dependencies = (
			);
			name = DesignablePicker;
			productName = DesignablePicker;
			productReference = 09BD63F21F7BAE5500949EBD /* DesignablePicker.framework */;
			productType = "com.apple.product-type.framework";
		};
/* End PBXNativeTarget section */

/* Begin PBXProject section */
		09BD63E91F7BAE5500949EBD /* Project object */ = {
			isa = PBXProject;
			attributes = {
				LastUpgradeCheck = 0900;
				ORGANIZATIONNAME = "Alexander Pronin";
				TargetAttributes = {
					09BD63F11F7BAE5500949EBD = {
						CreatedOnToolsVersion = 9.0;
						LastSwiftMigration = 0900;
						ProvisioningStyle = Automatic;
					};
				};
			};
			buildConfigurationList = 09BD63EC1F7BAE5500949EBD /* Build configuration list for PBXProject "DesignablePicker" */;
			compatibilityVersion = "Xcode 8.0";
			developmentRegion = en;
			hasScannedForEncodings = 0;
			knownRegions = (
				en,
			);
			mainGroup = 09BD63E81F7BAE5500949EBD;
			productRefGroup = 09BD63F31F7BAE5500949EBD /* Products */;
			projectDirPath = "";
			projectRoot = "";
			targets = (
				09BD63F11F7BAE5500949EBD /* DesignablePicker */,
			);
		};
/* End PBXProject section */

/* Begin PBXResourcesBuildPhase section */
		09BD63F01F7BAE5500949EBD /* Resources */ = {
			isa = PBXResourcesBuildPhase;
			buildActionMask = 2147483647;
			files = (
				09BD64031F7BB05F00949EBD /* pickerArrow@3x.png in Resources */,
				09BD64091F7BB1E400949EBD /* DesignablePicker.xib in Resources */,
				09BD64021F7BB05B00949EBD /* pickerArrow@2x.png in Resources */,
				09BD640E1F7BB28400949EBD /* PickerInputViewController.xib in Resources */,
				09BD64011F7BB05800949EBD /* pickerArrow.png in Resources */,
			);
			runOnlyForDeploymentPostprocessing = 0;
		};
/* End PBXResourcesBuildPhase section */

/* Begin PBXSourcesBuildPhase section */
		09BD63ED1F7BAE5500949EBD /* Sources */ = {
			isa = PBXSourcesBuildPhase;
			buildActionMask = 2147483647;
			files = (
				09BD64151F7BB37F00949EBD /* StringExtension.swift in Sources */,
				09BD64071F7BB1D300949EBD /* DesignablePicker.swift in Sources */,
				09BD64171F7BB38400949EBD /* UIImageViewExtension.swift in Sources */,
				09BD64161F7BB38100949EBD /* UIColorExtension.swift in Sources */,
				09BD64181F7BB38700949EBD /* UIViewExtension.swift in Sources */,
				09BD64081F7BB1D300949EBD /* FirstResponderControl.swift in Sources */,
				09BD640D1F7BB27F00949EBD /* PickerInputViewController.swift in Sources */,
			);
			runOnlyForDeploymentPostprocessing = 0;
		};
/* End PBXSourcesBuildPhase section */

/* Begin XCBuildConfiguration section */
		09BD63F81F7BAE5500949EBD /* Debug */ = {
			isa = XCBuildConfiguration;
			buildSettings = {
				ALWAYS_SEARCH_USER_PATHS = NO;
				CLANG_ANALYZER_NONNULL = YES;
				CLANG_ANALYZER_NUMBER_OBJECT_CONVERSION = YES_AGGRESSIVE;
				CLANG_CXX_LANGUAGE_STANDARD = "gnu++14";
				CLANG_CXX_LIBRARY = "libc++";
				CLANG_ENABLE_MODULES = YES;
				CLANG_ENABLE_OBJC_ARC = YES;
				CLANG_WARN_BLOCK_CAPTURE_AUTORELEASING = YES;
				CLANG_WARN_BOOL_CONVERSION = YES;
				CLANG_WARN_COMMA = YES;
				CLANG_WARN_CONSTANT_CONVERSION = YES;
				CLANG_WARN_DIRECT_OBJC_ISA_USAGE = YES_ERROR;
				CLANG_WARN_DOCUMENTATION_COMMENTS = YES;
				CLANG_WARN_EMPTY_BODY = YES;
				CLANG_WARN_ENUM_CONVERSION = YES;
				CLANG_WARN_INFINITE_RECURSION = YES;
				CLANG_WARN_INT_CONVERSION = YES;
				CLANG_WARN_NON_LITERAL_NULL_CONVERSION = YES;
				CLANG_WARN_OBJC_LITERAL_CONVERSION = YES;
				CLANG_WARN_OBJC_ROOT_CLASS = YES_ERROR;
				CLANG_WARN_RANGE_LOOP_ANALYSIS = YES;
				CLANG_WARN_STRICT_PROTOTYPES = YES;
				CLANG_WARN_SUSPICIOUS_MOVE = YES;
				CLANG_WARN_UNGUARDED_AVAILABILITY = YES_AGGRESSIVE;
				CLANG_WARN_UNREACHABLE_CODE = YES;
				CLANG_WARN__DUPLICATE_METHOD_MATCH = YES;
				CODE_SIGN_IDENTITY = "iPhone Developer";
				COPY_PHASE_STRIP = NO;
				CURRENT_PROJECT_VERSION = 1;
				DEBUG_INFORMATION_FORMAT = dwarf;
				ENABLE_STRICT_OBJC_MSGSEND = YES;
				ENABLE_TESTABILITY = YES;
				GCC_C_LANGUAGE_STANDARD = gnu11;
				GCC_DYNAMIC_NO_PIC = NO;
				GCC_NO_COMMON_BLOCKS = YES;
				GCC_OPTIMIZATION_LEVEL = 0;
				GCC_PREPROCESSOR_DEFINITIONS = (
					"DEBUG=1",
					"$(inherited)",
				);
				GCC_WARN_64_TO_32_BIT_CONVERSION = YES;
				GCC_WARN_ABOUT_RETURN_TYPE = YES_ERROR;
				GCC_WARN_UNDECLARED_SELECTOR = YES;
				GCC_WARN_UNINITIALIZED_AUTOS = YES_AGGRESSIVE;
				GCC_WARN_UNUSED_FUNCTION = YES;
				GCC_WARN_UNUSED_VARIABLE = YES;
				IPHONEOS_DEPLOYMENT_TARGET = 9.0;
				MTL_ENABLE_DEBUG_INFO = YES;
				ONLY_ACTIVE_ARCH = YES;
				SDKROOT = iphoneos;
				SWIFT_ACTIVE_COMPILATION_CONDITIONS = DEBUG;
				SWIFT_OPTIMIZATION_LEVEL = "-Onone";
				VERSIONING_SYSTEM = "apple-generic";
				VERSION_INFO_PREFIX = "";
			};
			name = Debug;
		};
		09BD63F91F7BAE5500949EBD /* Release */ = {
			isa = XCBuildConfiguration;
			buildSettings = {
				ALWAYS_SEARCH_USER_PATHS = NO;
				CLANG_ANALYZER_NONNULL = YES;
				CLANG_ANALYZER_NUMBER_OBJECT_CONVERSION = YES_AGGRESSIVE;
				CLANG_CXX_LANGUAGE_STANDARD = "gnu++14";
				CLANG_CXX_LIBRARY = "libc++";
				CLANG_ENABLE_MODULES = YES;
				CLANG_ENABLE_OBJC_ARC = YES;
				CLANG_WARN_BLOCK_CAPTURE_AUTORELEASING = YES;
				CLANG_WARN_BOOL_CONVERSION = YES;
				CLANG_WARN_COMMA = YES;
				CLANG_WARN_CONSTANT_CONVERSION = YES;
				CLANG_WARN_DIRECT_OBJC_ISA_USAGE = YES_ERROR;
				CLANG_WARN_DOCUMENTATION_COMMENTS = YES;
				CLANG_WARN_EMPTY_BODY = YES;
				CLANG_WARN_ENUM_CONVERSION = YES;
				CLANG_WARN_INFINITE_RECURSION = YES;
				CLANG_WARN_INT_CONVERSION = YES;
				CLANG_WARN_NON_LITERAL_NULL_CONVERSION = YES;
				CLANG_WARN_OBJC_LITERAL_CONVERSION = YES;
				CLANG_WARN_OBJC_ROOT_CLASS = YES_ERROR;
				CLANG_WARN_RANGE_LOOP_ANALYSIS = YES;
				CLANG_WARN_STRICT_PROTOTYPES = YES;
				CLANG_WARN_SUSPICIOUS_MOVE = YES;
				CLANG_WARN_UNGUARDED_AVAILABILITY = YES_AGGRESSIVE;
				CLANG_WARN_UNREACHABLE_CODE = YES;
				CLANG_WARN__DUPLICATE_METHOD_MATCH = YES;
				CODE_SIGN_IDENTITY = "iPhone Developer";
				COPY_PHASE_STRIP = NO;
				CURRENT_PROJECT_VERSION = 1;
				DEBUG_INFORMATION_FORMAT = "dwarf-with-dsym";
				ENABLE_NS_ASSERTIONS = NO;
				ENABLE_STRICT_OBJC_MSGSEND = YES;
				GCC_C_LANGUAGE_STANDARD = gnu11;
				GCC_NO_COMMON_BLOCKS = YES;
				GCC_WARN_64_TO_32_BIT_CONVERSION = YES;
				GCC_WARN_ABOUT_RETURN_TYPE = YES_ERROR;
				GCC_WARN_UNDECLARED_SELECTOR = YES;
				GCC_WARN_UNINITIALIZED_AUTOS = YES_AGGRESSIVE;
				GCC_WARN_UNUSED_FUNCTION = YES;
				GCC_WARN_UNUSED_VARIABLE = YES;
				IPHONEOS_DEPLOYMENT_TARGET = 9.0;
				MTL_ENABLE_DEBUG_INFO = NO;
				SDKROOT = iphoneos;
				SWIFT_OPTIMIZATION_LEVEL = "-Owholemodule";
				VALIDATE_PRODUCT = YES;
				VERSIONING_SYSTEM = "apple-generic";
				VERSION_INFO_PREFIX = "";
			};
			name = Release;
		};
		09BD63FB1F7BAE5500949EBD /* Debug */ = {
			isa = XCBuildConfiguration;
			buildSettings = {
				CLANG_ENABLE_MODULES = YES;
				CODE_SIGN_IDENTITY = "";
				CODE_SIGN_STYLE = Automatic;
				DEFINES_MODULE = YES;
				DEVELOPMENT_TEAM = Q8M6V9HM9E;
				DYLIB_COMPATIBILITY_VERSION = 1;
				DYLIB_CURRENT_VERSION = 1;
				DYLIB_INSTALL_NAME_BASE = "@rpath";
				INFOPLIST_FILE = DesignablePicker/Info.plist;
				INSTALL_PATH = "$(LOCAL_LIBRARY_DIR)/Frameworks";
				IPHONEOS_DEPLOYMENT_TARGET = 9.0;
				LD_RUNPATH_SEARCH_PATHS = "$(inherited) @executable_path/Frameworks @loader_path/Frameworks";
				PRODUCT_BUNDLE_IDENTIFIER = com.pronin.DesignablePicker;
				PRODUCT_NAME = "$(TARGET_NAME:c99extidentifier)";
				SKIP_INSTALL = YES;
				SWIFT_OPTIMIZATION_LEVEL = "-Onone";
				SWIFT_VERSION = 4.0;
				TARGETED_DEVICE_FAMILY = "1,2";
			};
			name = Debug;
		};
		09BD63FC1F7BAE5500949EBD /* Release */ = {
			isa = XCBuildConfiguration;
			buildSettings = {
				CLANG_ENABLE_MODULES = YES;
				CODE_SIGN_IDENTITY = "";
				CODE_SIGN_STYLE = Automatic;
				DEFINES_MODULE = YES;
				DEVELOPMENT_TEAM = Q8M6V9HM9E;
				DYLIB_COMPATIBILITY_VERSION = 1;
				DYLIB_CURRENT_VERSION = 1;
				DYLIB_INSTALL_NAME_BASE = "@rpath";
				INFOPLIST_FILE = DesignablePicker/Info.plist;
				INSTALL_PATH = "$(LOCAL_LIBRARY_DIR)/Frameworks";
				IPHONEOS_DEPLOYMENT_TARGET = 9.0;
				LD_RUNPATH_SEARCH_PATHS = "$(inherited) @executable_path/Frameworks @loader_path/Frameworks";
				PRODUCT_BUNDLE_IDENTIFIER = com.pronin.DesignablePicker;
				PRODUCT_NAME = "$(TARGET_NAME:c99extidentifier)";
				SKIP_INSTALL = YES;
				SWIFT_VERSION = 4.0;
				TARGETED_DEVICE_FAMILY = "1,2";
			};
			name = Release;
		};
/* End XCBuildConfiguration section */

/* Begin XCConfigurationList section */
		09BD63EC1F7BAE5500949EBD /* Build configuration list for PBXProject "DesignablePicker" */ = {
			isa = XCConfigurationList;
			buildConfigurations = (
				09BD63F81F7BAE5500949EBD /* Debug */,
				09BD63F91F7BAE5500949EBD /* Release */,
			);
			defaultConfigurationIsVisible = 0;
			defaultConfigurationName = Release;
		};
		09BD63FA1F7BAE5500949EBD /* Build configuration list for PBXNativeTarget "DesignablePicker" */ = {
			isa = XCConfigurationList;
			buildConfigurations = (
				09BD63FB1F7BAE5500949EBD /* Debug */,
				09BD63FC1F7BAE5500949EBD /* Release */,
			);
			defaultConfigurationIsVisible = 0;
			defaultConfigurationName = Release;
		};
/* End XCConfigurationList section */
	};
	rootObject = 09BD63E91F7BAE5500949EBD /* Project object */;
}
